// !$*UTF8*$!
{
	archiveVersion = 1;
	classes = {
	};
	objectVersion = 56;
	objects = {

/* Begin PBXBuildFile section */
		184E9E8529FCA25F000597DF /* AppDelegate.swift in Sources */ = {isa = PBXBuildFile; fileRef = 184E9E8429FCA25F000597DF /* AppDelegate.swift */; };
		184E9E8729FCA25F000597DF /* SceneDelegate.swift in Sources */ = {isa = PBXBuildFile; fileRef = 184E9E8629FCA25F000597DF /* SceneDelegate.swift */; };
		184E9E8929FCA25F000597DF /* ViewController.swift in Sources */ = {isa = PBXBuildFile; fileRef = 184E9E8829FCA25F000597DF /* ViewController.swift */; };
		184E9E8C29FCA25F000597DF /* Main.storyboard in Resources */ = {isa = PBXBuildFile; fileRef = 184E9E8A29FCA25F000597DF /* Main.storyboard */; };
		184E9E8E29FCA260000597DF /* Assets.xcassets in Resources */ = {isa = PBXBuildFile; fileRef = 184E9E8D29FCA260000597DF /* Assets.xcassets */; };
		184E9E9129FCA260000597DF /* LaunchScreen.storyboard in Resources */ = {isa = PBXBuildFile; fileRef = 184E9E8F29FCA260000597DF /* LaunchScreen.storyboard */; };
		184E9E9C29FCA260000597DF /* Boone_FinalTests.swift in Sources */ = {isa = PBXBuildFile; fileRef = 184E9E9B29FCA260000597DF /* Boone_FinalTests.swift */; };
		184E9EA629FCA260000597DF /* Boone_FinalUITests.swift in Sources */ = {isa = PBXBuildFile; fileRef = 184E9EA529FCA260000597DF /* Boone_FinalUITests.swift */; };
		184E9EA829FCA260000597DF /* Boone_FinalUITestsLaunchTests.swift in Sources */ = {isa = PBXBuildFile; fileRef = 184E9EA729FCA260000597DF /* Boone_FinalUITestsLaunchTests.swift */; };
/* End PBXBuildFile section */

/* Begin PBXContainerItemProxy section */
		184E9E9829FCA260000597DF /* PBXContainerItemProxy */ = {
			isa = PBXContainerItemProxy;
			containerPortal = 184E9E7929FCA25F000597DF /* Project object */;
			proxyType = 1;
			remoteGlobalIDString = 184E9E8029FCA25F000597DF;
			remoteInfo = "Boone Final";
		};
		184E9EA229FCA260000597DF /* PBXContainerItemProxy */ = {
			isa = PBXContainerItemProxy;
			containerPortal = 184E9E7929FCA25F000597DF /* Project object */;
			proxyType = 1;
			remoteGlobalIDString = 184E9E8029FCA25F000597DF;
			remoteInfo = "Boone Final";
		};
/* End PBXContainerItemProxy section */

/* Begin PBXFileReference section */
		184E9E8129FCA25F000597DF /* Boone Final.app */ = {isa = PBXFileReference; explicitFileType = wrapper.application; includeInIndex = 0; path = "Boone Final.app"; sourceTree = BUILT_PRODUCTS_DIR; };
		184E9E8429FCA25F000597DF /* AppDelegate.swift */ = {isa = PBXFileReference; lastKnownFileType = sourcecode.swift; path = AppDelegate.swift; sourceTree = "<group>"; };
		184E9E8629FCA25F000597DF /* SceneDelegate.swift */ = {isa = PBXFileReference; lastKnownFileType = sourcecode.swift; path = SceneDelegate.swift; sourceTree = "<group>"; };
		184E9E8829FCA25F000597DF /* ViewController.swift */ = {isa = PBXFileReference; lastKnownFileType = sourcecode.swift; path = ViewController.swift; sourceTree = "<group>"; };
		184E9E8B29FCA25F000597DF /* Base */ = {isa = PBXFileReference; lastKnownFileType = file.storyboard; name = Base; path = Base.lproj/Main.storyboard; sourceTree = "<group>"; };
		184E9E8D29FCA260000597DF /* Assets.xcassets */ = {isa = PBXFileReference; lastKnownFileType = folder.assetcatalog; path = Assets.xcassets; sourceTree = "<group>"; };
		184E9E9029FCA260000597DF /* Base */ = {isa = PBXFileReference; lastKnownFileType = file.storyboard; name = Base; path = Base.lproj/LaunchScreen.storyboard; sourceTree = "<group>"; };
		184E9E9229FCA260000597DF /* Info.plist */ = {isa = PBXFileReference; lastKnownFileType = text.plist.xml; path = Info.plist; sourceTree = "<group>"; };
		184E9E9729FCA260000597DF /* Boone FinalTests.xctest */ = {isa = PBXFileReference; explicitFileType = wrapper.cfbundle; includeInIndex = 0; path = "Boone FinalTests.xctest"; sourceTree = BUILT_PRODUCTS_DIR; };
		184E9E9B29FCA260000597DF /* Boone_FinalTests.swift */ = {isa = PBXFileReference; lastKnownFileType = sourcecode.swift; path = Boone_FinalTests.swift; sourceTree = "<group>"; };
		184E9EA129FCA260000597DF /* Boone FinalUITests.xctest */ = {isa = PBXFileReference; explicitFileType = wrapper.cfbundle; includeInIndex = 0; path = "Boone FinalUITests.xctest"; sourceTree = BUILT_PRODUCTS_DIR; };
		184E9EA529FCA260000597DF /* Boone_FinalUITests.swift */ = {isa = PBXFileReference; lastKnownFileType = sourcecode.swift; path = Boone_FinalUITests.swift; sourceTree = "<group>"; };
		184E9EA729FCA260000597DF /* Boone_FinalUITestsLaunchTests.swift */ = {isa = PBXFileReference; lastKnownFileType = sourcecode.swift; path = Boone_FinalUITestsLaunchTests.swift; sourceTree = "<group>"; };
/* End PBXFileReference section */

/* Begin PBXFrameworksBuildPhase section */
		184E9E7E29FCA25F000597DF /* Frameworks */ = {
			isa = PBXFrameworksBuildPhase;
			buildActionMask = 2147483647;
			files = (
			);
			runOnlyForDeploymentPostprocessing = 0;
		};
		184E9E9429FCA260000597DF /* Frameworks */ = {
			isa = PBXFrameworksBuildPhase;
			buildActionMask = 2147483647;
			files = (
			);
			runOnlyForDeploymentPostprocessing = 0;
		};
		184E9E9E29FCA260000597DF /* Frameworks */ = {
			isa = PBXFrameworksBuildPhase;
			buildActionMask = 2147483647;
			files = (
			);
			runOnlyForDeploymentPostprocessing = 0;
		};
/* End PBXFrameworksBuildPhase section */

/* Begin PBXGroup section */
		184E9E7829FCA25F000597DF = {
			isa = PBXGroup;
			children = (
				184E9E8329FCA25F000597DF /* Boone Final */,
				184E9E9A29FCA260000597DF /* Boone FinalTests */,
				184E9EA429FCA260000597DF /* Boone FinalUITests */,
				184E9E8229FCA25F000597DF /* Products */,
			);
			sourceTree = "<group>";
		};
		184E9E8229FCA25F000597DF /* Products */ = {
			isa = PBXGroup;
			children = (
				184E9E8129FCA25F000597DF /* Boone Final.app */,
				184E9E9729FCA260000597DF /* Boone FinalTests.xctest */,
				184E9EA129FCA260000597DF /* Boone FinalUITests.xctest */,
			);
			name = Products;
			sourceTree = "<group>";
		};
		184E9E8329FCA25F000597DF /* Boone Final */ = {
			isa = PBXGroup;
			children = (
				184E9E8429FCA25F000597DF /* AppDelegate.swift */,
				184E9E8629FCA25F000597DF /* SceneDelegate.swift */,
				184E9E8829FCA25F000597DF /* ViewController.swift */,
				184E9E8A29FCA25F000597DF /* Main.storyboard */,
				184E9E8D29FCA260000597DF /* Assets.xcassets */,
				184E9E8F29FCA260000597DF /* LaunchScreen.storyboard */,
				184E9E9229FCA260000597DF /* Info.plist */,
			);
			path = "Boone Final";
			sourceTree = "<group>";
		};
		184E9E9A29FCA260000597DF /* Boone FinalTests */ = {
			isa = PBXGroup;
			children = (
				184E9E9B29FCA260000597DF /* Boone_FinalTests.swift */,
			);
			path = "Boone FinalTests";
			sourceTree = "<group>";
		};
		184E9EA429FCA260000597DF /* Boone FinalUITests */ = {
			isa = PBXGroup;
			children = (
				184E9EA529FCA260000597DF /* Boone_FinalUITests.swift */,
				184E9EA729FCA260000597DF /* Boone_FinalUITestsLaunchTests.swift */,
			);
			path = "Boone FinalUITests";
			sourceTree = "<group>";
		};
/* End PBXGroup section */

/* Begin PBXNativeTarget section */
		184E9E8029FCA25F000597DF /* Boone Final */ = {
			isa = PBXNativeTarget;
			buildConfigurationList = 184E9EAB29FCA260000597DF /* Build configuration list for PBXNativeTarget "Boone Final" */;
			buildPhases = (
				184E9E7D29FCA25F000597DF /* Sources */,
				184E9E7E29FCA25F000597DF /* Frameworks */,
				184E9E7F29FCA25F000597DF /* Resources */,
			);
			buildRules = (
			);
			dependencies = (
			);
			name = "Boone Final";
			productName = "Boone Final";
			productReference = 184E9E8129FCA25F000597DF /* Boone Final.app */;
			productType = "com.apple.product-type.application";
		};
		184E9E9629FCA260000597DF /* Boone FinalTests */ = {
			isa = PBXNativeTarget;
			buildConfigurationList = 184E9EAE29FCA260000597DF /* Build configuration list for PBXNativeTarget "Boone FinalTests" */;
			buildPhases = (
				184E9E9329FCA260000597DF /* Sources */,
				184E9E9429FCA260000597DF /* Frameworks */,
				184E9E9529FCA260000597DF /* Resources */,
			);
			buildRules = (
			);
			dependencies = (
				184E9E9929FCA260000597DF /* PBXTargetDependency */,
			);
			name = "Boone FinalTests";
			productName = "Boone FinalTests";
			productReference = 184E9E9729FCA260000597DF /* Boone FinalTests.xctest */;
			productType = "com.apple.product-type.bundle.unit-test";
		};
		184E9EA029FCA260000597DF /* Boone FinalUITests */ = {
			isa = PBXNativeTarget;
			buildConfigurationList = 184E9EB129FCA260000597DF /* Build configuration list for PBXNativeTarget "Boone FinalUITests" */;
			buildPhases = (
				184E9E9D29FCA260000597DF /* Sources */,
				184E9E9E29FCA260000597DF /* Frameworks */,
				184E9E9F29FCA260000597DF /* Resources */,
			);
			buildRules = (
			);
			dependencies = (
				184E9EA329FCA260000597DF /* PBXTargetDependency */,
			);
			name = "Boone FinalUITests";
			productName = "Boone FinalUITests";
			productReference = 184E9EA129FCA260000597DF /* Boone FinalUITests.xctest */;
			productType = "com.apple.product-type.bundle.ui-testing";
		};
/* End PBXNativeTarget section */

/* Begin PBXProject section */
		184E9E7929FCA25F000597DF /* Project object */ = {
			isa = PBXProject;
			attributes = {
				BuildIndependentTargetsInParallel = 1;
				LastSwiftUpdateCheck = 1430;
				LastUpgradeCheck = 1430;
				TargetAttributes = {
					184E9E8029FCA25F000597DF = {
						CreatedOnToolsVersion = 14.3;
					};
					184E9E9629FCA260000597DF = {
						CreatedOnToolsVersion = 14.3;
						TestTargetID = 184E9E8029FCA25F000597DF;
					};
					184E9EA029FCA260000597DF = {
						CreatedOnToolsVersion = 14.3;
						TestTargetID = 184E9E8029FCA25F000597DF;
					};
				};
			};
			buildConfigurationList = 184E9E7C29FCA25F000597DF /* Build configuration list for PBXProject "Boone Final" */;
			compatibilityVersion = "Xcode 14.0";
			developmentRegion = en;
			hasScannedForEncodings = 0;
			knownRegions = (
				en,
				Base,
			);
			mainGroup = 184E9E7829FCA25F000597DF;
			productRefGroup = 184E9E8229FCA25F000597DF /* Products */;
			projectDirPath = "";
			projectRoot = "";
			targets = (
				184E9E8029FCA25F000597DF /* Boone Final */,
				184E9E9629FCA260000597DF /* Boone FinalTests */,
				184E9EA029FCA260000597DF /* Boone FinalUITests */,
			);
		};
/* End PBXProject section */

/* Begin PBXResourcesBuildPhase section */
		184E9E7F29FCA25F000597DF /* Resources */ = {
			isa = PBXResourcesBuildPhase;
			buildActionMask = 2147483647;
			files = (
				184E9E9129FCA260000597DF /* LaunchScreen.storyboard in Resources */,
				184E9E8E29FCA260000597DF /* Assets.xcassets in Resources */,
				184E9E8C29FCA25F000597DF /* Main.storyboard in Resources */,
			);
			runOnlyForDeploymentPostprocessing = 0;
		};
		184E9E9529FCA260000597DF /* Resources */ = {
			isa = PBXResourcesBuildPhase;
			buildActionMask = 2147483647;
			files = (
			);
			runOnlyForDeploymentPostprocessing = 0;
		};
		184E9E9F29FCA260000597DF /* Resources */ = {
			isa = PBXResourcesBuildPhase;
			buildActionMask = 2147483647;
			files = (
			);
			runOnlyForDeploymentPostprocessing = 0;
		};
/* End PBXResourcesBuildPhase section */

/* Begin PBXSourcesBuildPhase section */
		184E9E7D29FCA25F000597DF /* Sources */ = {
			isa = PBXSourcesBuildPhase;
			buildActionMask = 2147483647;
			files = (
				184E9E8929FCA25F000597DF /* ViewController.swift in Sources */,
				184E9E8529FCA25F000597DF /* AppDelegate.swift in Sources */,
				184E9E8729FCA25F000597DF /* SceneDelegate.swift in Sources */,
			);
			runOnlyForDeploymentPostprocessing = 0;
		};
		184E9E9329FCA260000597DF /* Sources */ = {
			isa = PBXSourcesBuildPhase;
			buildActionMask = 2147483647;
			files = (
				184E9E9C29FCA260000597DF /* Boone_FinalTests.swift in Sources */,
			);
			runOnlyForDeploymentPostprocessing = 0;
		};
		184E9E9D29FCA260000597DF /* Sources */ = {
			isa = PBXSourcesBuildPhase;
			buildActionMask = 2147483647;
			files = (
				184E9EA629FCA260000597DF /* Boone_FinalUITests.swift in Sources */,
				184E9EA829FCA260000597DF /* Boone_FinalUITestsLaunchTests.swift in Sources */,
			);
			runOnlyForDeploymentPostprocessing = 0;
		};
/* End PBXSourcesBuildPhase section */

/* Begin PBXTargetDependency section */
		184E9E9929FCA260000597DF /* PBXTargetDependency */ = {
			isa = PBXTargetDependency;
			target = 184E9E8029FCA25F000597DF /* Boone Final */;
			targetProxy = 184E9E9829FCA260000597DF /* PBXContainerItemProxy */;
		};
		184E9EA329FCA260000597DF /* PBXTargetDependency */ = {
			isa = PBXTargetDependency;
			target = 184E9E8029FCA25F000597DF /* Boone Final */;
			targetProxy = 184E9EA229FCA260000597DF /* PBXContainerItemProxy */;
		};
/* End PBXTargetDependency section */

/* Begin PBXVariantGroup section */
		184E9E8A29FCA25F000597DF /* Main.storyboard */ = {
			isa = PBXVariantGroup;
			children = (
				184E9E8B29FCA25F000597DF /* Base */,
			);
			name = Main.storyboard;
			sourceTree = "<group>";
		};
		184E9E8F29FCA260000597DF /* LaunchScreen.storyboard */ = {
			isa = PBXVariantGroup;
			children = (
				184E9E9029FCA260000597DF /* Base */,
			);
			name = LaunchScreen.storyboard;
			sourceTree = "<group>";
		};
/* End PBXVariantGroup section */

/* Begin XCBuildConfiguration section */
		184E9EA929FCA260000597DF /* Debug */ = {
			isa = XCBuildConfiguration;
			buildSettings = {
				ALWAYS_SEARCH_USER_PATHS = NO;
				CLANG_ANALYZER_NONNULL = YES;
				CLANG_ANALYZER_NUMBER_OBJECT_CONVERSION = YES_AGGRESSIVE;
				CLANG_CXX_LANGUAGE_STANDARD = "gnu++20";
				CLANG_ENABLE_MODULES = YES;
				CLANG_ENABLE_OBJC_ARC = YES;
				CLANG_ENABLE_OBJC_WEAK = YES;
				CLANG_WARN_BLOCK_CAPTURE_AUTORELEASING = YES;
				CLANG_WARN_BOOL_CONVERSION = YES;
				CLANG_WARN_COMMA = YES;
				CLANG_WARN_CONSTANT_CONVERSION = YES;
				CLANG_WARN_DEPRECATED_OBJC_IMPLEMENTATIONS = YES;
				CLANG_WARN_DIRECT_OBJC_ISA_USAGE = YES_ERROR;
				CLANG_WARN_DOCUMENTATION_COMMENTS = YES;
				CLANG_WARN_EMPTY_BODY = YES;
				CLANG_WARN_ENUM_CONVERSION = YES;
				CLANG_WARN_INFINITE_RECURSION = YES;
				CLANG_WARN_INT_CONVERSION = YES;
				CLANG_WARN_NON_LITERAL_NULL_CONVERSION = YES;
				CLANG_WARN_OBJC_IMPLICIT_RETAIN_SELF = YES;
				CLANG_WARN_OBJC_LITERAL_CONVERSION = YES;
				CLANG_WARN_OBJC_ROOT_CLASS = YES_ERROR;
				CLANG_WARN_QUOTED_INCLUDE_IN_FRAMEWORK_HEADER = YES;
				CLANG_WARN_RANGE_LOOP_ANALYSIS = YES;
				CLANG_WARN_STRICT_PROTOTYPES = YES;
				CLANG_WARN_SUSPICIOUS_MOVE = YES;
				CLANG_WARN_UNGUARDED_AVAILABILITY = YES_AGGRESSIVE;
				CLANG_WARN_UNREACHABLE_CODE = YES;
				CLANG_WARN__DUPLICATE_METHOD_MATCH = YES;
				COPY_PHASE_STRIP = NO;
				DEBUG_INFORMATION_FORMAT = dwarf;
				ENABLE_STRICT_OBJC_MSGSEND = YES;
				ENABLE_TESTABILITY = YES;
				GCC_C_LANGUAGE_STANDARD = gnu11;
				GCC_DYNAMIC_NO_PIC = NO;
				GCC_NO_COMMON_BLOCKS = YES;
				GCC_OPTIMIZATION_LEVEL = 0;
				GCC_PREPROCESSOR_DEFINITIONS = (
					"DEBUG=1",
					"$(inherited)",
				);
				GCC_WARN_64_TO_32_BIT_CONVERSION = YES;
				GCC_WARN_ABOUT_RETURN_TYPE = YES_ERROR;
				GCC_WARN_UNDECLARED_SELECTOR = YES;
				GCC_WARN_UNINITIALIZED_AUTOS = YES_AGGRESSIVE;
				GCC_WARN_UNUSED_FUNCTION = YES;
				GCC_WARN_UNUSED_VARIABLE = YES;
				IPHONEOS_DEPLOYMENT_TARGET = 16.4;
				MTL_ENABLE_DEBUG_INFO = INCLUDE_SOURCE;
				MTL_FAST_MATH = YES;
				ONLY_ACTIVE_ARCH = YES;
				SDKROOT = iphoneos;
				SWIFT_ACTIVE_COMPILATION_CONDITIONS = DEBUG;
				SWIFT_OPTIMIZATION_LEVEL = "-Onone";
			};
			name = Debug;
		};
		184E9EAA29FCA260000597DF /* Release */ = {
			isa = XCBuildConfiguration;
			buildSettings = {
				ALWAYS_SEARCH_USER_PATHS = NO;
				CLANG_ANALYZER_NONNULL = YES;
				CLANG_ANALYZER_NUMBER_OBJECT_CONVERSION = YES_AGGRESSIVE;
				CLANG_CXX_LANGUAGE_STANDARD = "gnu++20";
				CLANG_ENABLE_MODULES = YES;
				CLANG_ENABLE_OBJC_ARC = YES;
				CLANG_ENABLE_OBJC_WEAK = YES;
				CLANG_WARN_BLOCK_CAPTURE_AUTORELEASING = YES;
				CLANG_WARN_BOOL_CONVERSION = YES;
				CLANG_WARN_COMMA = YES;
				CLANG_WARN_CONSTANT_CONVERSION = YES;
				CLANG_WARN_DEPRECATED_OBJC_IMPLEMENTATIONS = YES;
				CLANG_WARN_DIRECT_OBJC_ISA_USAGE = YES_ERROR;
				CLANG_WARN_DOCUMENTATION_COMMENTS = YES;
				CLANG_WARN_EMPTY_BODY = YES;
				CLANG_WARN_ENUM_CONVERSION = YES;
				CLANG_WARN_INFINITE_RECURSION = YES;
				CLANG_WARN_INT_CONVERSION = YES;
				CLANG_WARN_NON_LITERAL_NULL_CONVERSION = YES;
				CLANG_WARN_OBJC_IMPLICIT_RETAIN_SELF = YES;
				CLANG_WARN_OBJC_LITERAL_CONVERSION = YES;
				CLANG_WARN_OBJC_ROOT_CLASS = YES_ERROR;
				CLANG_WARN_QUOTED_INCLUDE_IN_FRAMEWORK_HEADER = YES;
				CLANG_WARN_RANGE_LOOP_ANALYSIS = YES;
				CLANG_WARN_STRICT_PROTOTYPES = YES;
				CLANG_WARN_SUSPICIOUS_MOVE = YES;
				CLANG_WARN_UNGUARDED_AVAILABILITY = YES_AGGRESSIVE;
				CLANG_WARN_UNREACHABLE_CODE = YES;
				CLANG_WARN__DUPLICATE_METHOD_MATCH = YES;
				COPY_PHASE_STRIP = NO;
				DEBUG_INFORMATION_FORMAT = "dwarf-with-dsym";
				ENABLE_NS_ASSERTIONS = NO;
				ENABLE_STRICT_OBJC_MSGSEND = YES;
				GCC_C_LANGUAGE_STANDARD = gnu11;
				GCC_NO_COMMON_BLOCKS = YES;
				GCC_WARN_64_TO_32_BIT_CONVERSION = YES;
				GCC_WARN_ABOUT_RETURN_TYPE = YES_ERROR;
				GCC_WARN_UNDECLARED_SELECTOR = YES;
				GCC_WARN_UNINITIALIZED_AUTOS = YES_AGGRESSIVE;
				GCC_WARN_UNUSED_FUNCTION = YES;
				GCC_WARN_UNUSED_VARIABLE = YES;
				IPHONEOS_DEPLOYMENT_TARGET = 16.4;
				MTL_ENABLE_DEBUG_INFO = NO;
				MTL_FAST_MATH = YES;
				SDKROOT = iphoneos;
				SWIFT_COMPILATION_MODE = wholemodule;
				SWIFT_OPTIMIZATION_LEVEL = "-O";
				VALIDATE_PRODUCT = YES;
			};
			name = Release;
		};
		184E9EAC29FCA260000597DF /* Debug */ = {
			isa = XCBuildConfiguration;
			buildSettings = {
				ASSETCATALOG_COMPILER_APPICON_NAME = AppIcon;
				ASSETCATALOG_COMPILER_GLOBAL_ACCENT_COLOR_NAME = AccentColor;
				CODE_SIGN_STYLE = Automatic;
				CURRENT_PROJECT_VERSION = 1;
				DEVELOPMENT_TEAM = MP8DM6F98N;
				GENERATE_INFOPLIST_FILE = YES;
				INFOPLIST_FILE = "Boone Final/Info.plist";
				INFOPLIST_KEY_UIApplicationSupportsIndirectInputEvents = YES;
				INFOPLIST_KEY_UILaunchStoryboardName = LaunchScreen;
				INFOPLIST_KEY_UIMainStoryboardFile = Main;
				INFOPLIST_KEY_UISupportedInterfaceOrientations_iPad = "UIInterfaceOrientationPortrait UIInterfaceOrientationPortraitUpsideDown UIInterfaceOrientationLandscapeLeft UIInterfaceOrientationLandscapeRight";
				INFOPLIST_KEY_UISupportedInterfaceOrientations_iPhone = "UIInterfaceOrientationPortrait UIInterfaceOrientationLandscapeLeft UIInterfaceOrientationLandscapeRight";
				LD_RUNPATH_SEARCH_PATHS = (
					"$(inherited)",
					"@executable_path/Frameworks",
				);
				MARKETING_VERSION = 1.0;
				PRODUCT_BUNDLE_IDENTIFIER = "DkairiBoone.Boone-Final";
				PRODUCT_NAME = "$(TARGET_NAME)";
				SWIFT_EMIT_LOC_STRINGS = YES;
				SWIFT_VERSION = 5.0;
				TARGETED_DEVICE_FAMILY = "1,2";
			};
			name = Debug;
		};
		184E9EAD29FCA260000597DF /* Release */ = {
			isa = XCBuildConfiguration;
			buildSettings = {
				ASSETCATALOG_COMPILER_APPICON_NAME = AppIcon;
				ASSETCATALOG_COMPILER_GLOBAL_ACCENT_COLOR_NAME = AccentColor;
				CODE_SIGN_STYLE = Automatic;
				CURRENT_PROJECT_VERSION = 1;
				DEVELOPMENT_TEAM = MP8DM6F98N;
				GENERATE_INFOPLIST_FILE = YES;
				INFOPLIST_FILE = "Boone Final/Info.plist";
				INFOPLIST_KEY_UIApplicationSupportsIndirectInputEvents = YES;
				INFOPLIST_KEY_UILaunchStoryboardName = LaunchScreen;
				INFOPLIST_KEY_UIMainStoryboardFile = Main;
				INFOPLIST_KEY_UISupportedInterfaceOrientations_iPad = "UIInterfaceOrientationPortrait UIInterfaceOrientationPortraitUpsideDown UIInterfaceOrientationLandscapeLeft UIInterfaceOrientationLandscapeRight";
				INFOPLIST_KEY_UISupportedInterfaceOrientations_iPhone = "UIInterfaceOrientationPortrait UIInterfaceOrientationLandscapeLeft UIInterfaceOrientationLandscapeRight";
				LD_RUNPATH_SEARCH_PATHS = (
					"$(inherited)",
					"@executable_path/Frameworks",
				);
				MARKETING_VERSION = 1.0;
				PRODUCT_BUNDLE_IDENTIFIER = "DkairiBoone.Boone-Final";
				PRODUCT_NAME = "$(TARGET_NAME)";
				SWIFT_EMIT_LOC_STRINGS = YES;
				SWIFT_VERSION = 5.0;
				TARGETED_DEVICE_FAMILY = "1,2";
			};
			name = Release;
		};
		184E9EAF29FCA260000597DF /* Debug */ = {
			isa = XCBuildConfiguration;
			buildSettings = {
				ALWAYS_EMBED_SWIFT_STANDARD_LIBRARIES = YES;
				BUNDLE_LOADER = "$(TEST_HOST)";
				CODE_SIGN_STYLE = Automatic;
				CURRENT_PROJECT_VERSION = 1;
				DEVELOPMENT_TEAM = MP8DM6F98N;
				GENERATE_INFOPLIST_FILE = YES;
				IPHONEOS_DEPLOYMENT_TARGET = 16.4;
				MARKETING_VERSION = 1.0;
				PRODUCT_BUNDLE_IDENTIFIER = "DkairiBoone.Boone-FinalTests";
				PRODUCT_NAME = "$(TARGET_NAME)";
				SWIFT_EMIT_LOC_STRINGS = NO;
				SWIFT_VERSION = 5.0;
				TARGETED_DEVICE_FAMILY = "1,2";
				TEST_HOST = "$(BUILT_PRODUCTS_DIR)/Boone Final.app/$(BUNDLE_EXECUTABLE_FOLDER_PATH)/Boone Final";
			};
			name = Debug;
		};
		184E9EB029FCA260000597DF /* Release */ = {
			isa = XCBuildConfiguration;
			buildSettings = {
				ALWAYS_EMBED_SWIFT_STANDARD_LIBRARIES = YES;
				BUNDLE_LOADER = "$(TEST_HOST)";
				CODE_SIGN_STYLE = Automatic;
				CURRENT_PROJECT_VERSION = 1;
				DEVELOPMENT_TEAM = MP8DM6F98N;
				GENERATE_INFOPLIST_FILE = YES;
				IPHONEOS_DEPLOYMENT_TARGET = 16.4;
				MARKETING_VERSION = 1.0;
				PRODUCT_BUNDLE_IDENTIFIER = "DkairiBoone.Boone-FinalTests";
				PRODUCT_NAME = "$(TARGET_NAME)";
				SWIFT_EMIT_LOC_STRINGS = NO;
				SWIFT_VERSION = 5.0;
				TARGETED_DEVICE_FAMILY = "1,2";
				TEST_HOST = "$(BUILT_PRODUCTS_DIR)/Boone Final.app/$(BUNDLE_EXECUTABLE_FOLDER_PATH)/Boone Final";
			};
			name = Release;
		};
		184E9EB229FCA260000597DF /* Debug */ = {
			isa = XCBuildConfiguration;
			buildSettings = {
				ALWAYS_EMBED_SWIFT_STANDARD_LIBRARIES = YES;
				CODE_SIGN_STYLE = Automatic;
				CURRENT_PROJECT_VERSION = 1;
				DEVELOPMENT_TEAM = MP8DM6F98N;
				GENERATE_INFOPLIST_FILE = YES;
				MARKETING_VERSION = 1.0;
				PRODUCT_BUNDLE_IDENTIFIER = "DkairiBoone.Boone-FinalUITests";
				PRODUCT_NAME = "$(TARGET_NAME)";
				SWIFT_EMIT_LOC_STRINGS = NO;
				SWIFT_VERSION = 5.0;
				TARGETED_DEVICE_FAMILY = "1,2";
				TEST_TARGET_NAME = "Boone Final";
			};
			name = Debug;
		};
		184E9EB329FCA260000597DF /* Release */ = {
			isa = XCBuildConfiguration;
			buildSettings = {
				ALWAYS_EMBED_SWIFT_STANDARD_LIBRARIES = YES;
				CODE_SIGN_STYLE = Automatic;
				CURRENT_PROJECT_VERSION = 1;
				DEVELOPMENT_TEAM = MP8DM6F98N;
				GENERATE_INFOPLIST_FILE = YES;
				MARKETING_VERSION = 1.0;
				PRODUCT_BUNDLE_IDENTIFIER = "DkairiBoone.Boone-FinalUITests";
				PRODUCT_NAME = "$(TARGET_NAME)";
				SWIFT_EMIT_LOC_STRINGS = NO;
				SWIFT_VERSION = 5.0;
				TARGETED_DEVICE_FAMILY = "1,2";
				TEST_TARGET_NAME = "Boone Final";
			};
			name = Release;
		};
/* End XCBuildConfiguration section */

/* Begin XCConfigurationList section */
		184E9E7C29FCA25F000597DF /* Build configuration list for PBXProject "Boone Final" */ = {
			isa = XCConfigurationList;
			buildConfigurations = (
				184E9EA929FCA260000597DF /* Debug */,
				184E9EAA29FCA260000597DF /* Release */,
			);
			defaultConfigurationIsVisible = 0;
			defaultConfigurationName = Release;
		};
		184E9EAB29FCA260000597DF /* Build configuration list for PBXNativeTarget "Boone Final" */ = {
			isa = XCConfigurationList;
			buildConfigurations = (
				184E9EAC29FCA260000597DF /* Debug */,
				184E9EAD29FCA260000597DF /* Release */,
			);
			defaultConfigurationIsVisible = 0;
			defaultConfigurationName = Release;
		};
		184E9EAE29FCA260000597DF /* Build configuration list for PBXNativeTarget "Boone FinalTests" */ = {
			isa = XCConfigurationList;
			buildConfigurations = (
				184E9EAF29FCA260000597DF /* Debug */,
				184E9EB029FCA260000597DF /* Release */,
			);
			defaultConfigurationIsVisible = 0;
			defaultConfigurationName = Release;
		};
		184E9EB129FCA260000597DF /* Build configuration list for PBXNativeTarget "Boone FinalUITests" */ = {
			isa = XCConfigurationList;
			buildConfigurations = (
				184E9EB229FCA260000597DF /* Debug */,
				184E9EB329FCA260000597DF /* Release */,
			);
			defaultConfigurationIsVisible = 0;
			defaultConfigurationName = Release;
		};
/* End XCConfigurationList section */
	};
	rootObject = 184E9E7929FCA25F000597DF /* Project object */;
}
